{
  "nodes": {
    "circt-src": {
      "flake": false,
      "locked": {
        "lastModified": 1756892733,
        "narHash": "sha256-w4UzbL2SCDUuE+LINfeQg3EnliI3ndZoxrJy6H4+7Eo=",
        "owner": "llvm",
        "repo": "circt",
        "rev": "f8410aab97e0b6319cf9f4591a50871e30455f5a",
        "type": "github"
      },
      "original": {
        "owner": "llvm",
        "repo": "circt",
        "type": "github"
      }
    },
    "flake-compat": {
      "flake": false,
      "locked": {
        "lastModified": 1747046372,
        "narHash": "sha256-CIVLLkVgvHYbgI2UpXvIIBJ12HWgX+fjA8Xf8PUmqCY=",
        "owner": "edolstra",
        "repo": "flake-compat",
        "rev": "9100a0f413b0c601e0533d1d94ffd501ce2e7885",
        "type": "github"
      },
      "original": {
        "owner": "edolstra",
        "repo": "flake-compat",
        "type": "github"
      }
    },
    "flake-utils": {
      "inputs": {
        "systems": "systems"
      },
      "locked": {
        "lastModified": 1731533236,
        "narHash": "sha256-l0KFg5HjrsfsO/JpG+r7fRrqm12kzFHyUHqHCVpMMbI=",
        "owner": "numtide",
        "repo": "flake-utils",
        "rev": "11707dc2f618dd54ca8739b309ec4fc024de578b",
        "type": "github"
      },
      "original": {
        "owner": "numtide",
        "repo": "flake-utils",
        "type": "github"
      }
    },
    "llvm-submodule-src": {
      "flake": false,
      "locked": {
        "lastModified": 1755511589,
        "narHash": "sha256-7UBwz4/D8GCu70G18MR0EmG9O76TrLaMoG4rYpPXrpk=",
        "owner": "llvm",
        "repo": "llvm-project",
        "rev": "681ecae9133b0e54441529d1eb68fb3604333a93",
        "type": "github"
      },
      "original": {
        "owner": "llvm",
        "repo": "llvm-project",
        "rev": "681ecae9133b0e54441529d1eb68fb3604333a93",
        "type": "github"
      }
    },
    "nixpkgs": {
      "locked": {
        "lastModified": 1753221966,
        "narHash": "sha256-c6amU1Lfffwbn+3Equ/kKpXNV4kI13f31aoAyMT6nI4=",
        "owner": "NixOS",
        "repo": "nixpkgs",
        "rev": "9af629d964124ab36b339699513a0135f1acd7f2",
        "type": "github"
      },
      "original": {
        "owner": "NixOS",
        "repo": "nixpkgs",
        "rev": "9af629d964124ab36b339699513a0135f1acd7f2",
        "type": "github"
      }
    },
    "root": {
      "inputs": {
        "circt-src": "circt-src",
        "flake-compat": "flake-compat",
        "flake-utils": "flake-utils",
        "llvm-submodule-src": "llvm-submodule-src",
        "nixpkgs": "nixpkgs",
        "slang-src": "slang-src"
      }
    },
    "slang-src": {
      "flake": false,
      "locked": {
        "lastModified": 1755963080,
        "narHash": "sha256-uVfG+AHdRiNcxxdU0NeR8LsEU3MMwMfKkNGy0P6Eezs=",
        "owner": "MikePopoloski",
        "repo": "slang",
        "rev": "dd16a7947e0586d0541477f1b4b60eda7c986e35",
        "type": "github"
      },
      "original": {
        "owner": "MikePopoloski",
        "repo": "slang",
        "rev": "dd16a7947e0586d0541477f1b4b60eda7c986e35",
        "type": "github"
      }
    },
    "systems": {
      "locked": {
        "lastModified": 1681028828,
        "narHash": "sha256-Vy1rq5AaRuLzOxct8nz4T6wlgyUR7zLU309k9mBC768=",
        "owner": "nix-systems",
        "repo": "default",
        "rev": "da67096a3b9bf56a91d16901293e51ba5b49a27e",
        "type": "github"
      },
      "original": {
        "owner": "nix-systems",
        "repo": "default",
        "type": "github"
      }
    }
  },
  "root": "root",
  "version": 7
}
