{
  "nodes": {
    "circt-slang-src": {
      "flake": false,
      "locked": {
        "lastModified": 1691008656,
        "narHash": "sha256-2LsozXOYaUe5njEP5cgGc4NwSFx4pMLU+wlqRKvgH8U=",
        "owner": "fabianschuiki",
        "repo": "circt",
        "rev": "601e5d91dce5f7fa0e187b4ebb7c1c9a15e1b20c",
        "type": "github"
      },
      "original": {
        "owner": "fabianschuiki",
        "ref": "slang-frontend",
        "repo": "circt",
        "type": "github"
      }
    },
    "circt-src": {
      "flake": false,
      "locked": {
        "lastModified": 1696252202,
        "narHash": "sha256-TieNF2H+5XYshgfu3os9i4+3WifHBtbtjMUQPInqFEY=",
        "owner": "llvm",
        "repo": "circt",
        "rev": "e05d172607543af9b44cc23b7f6c7fc0a132ce9d",
        "type": "github"
      },
      "original": {
        "owner": "llvm",
        "repo": "circt",
        "type": "github"
      }
    },
    "flake-compat": {
      "flake": false,
      "locked": {
        "lastModified": 1696250921,
        "narHash": "sha256-IRn6OkznMIUF4sjXQR9xKGC4ejEx3AUa+uqFn9RDTp4=",
        "owner": "edolstra",
        "repo": "flake-compat",
        "rev": "6256b599c81a9ae3f9fc18f88ad4ab3d7cf2534f",
        "type": "github"
      },
      "original": {
        "owner": "edolstra",
        "repo": "flake-compat",
        "type": "github"
      }
    },
    "flake-utils": {
      "inputs": {
        "systems": "systems"
      },
      "locked": {
        "lastModified": 1694529238,
        "narHash": "sha256-zsNZZGTGnMOf9YpHKJqMSsa0dXbfmxeoJ7xHlrt+xmY=",
        "owner": "numtide",
        "repo": "flake-utils",
        "rev": "ff7b65b44d01cf9ba6a71320833626af21126384",
        "type": "github"
      },
      "original": {
        "owner": "numtide",
        "repo": "flake-utils",
        "type": "github"
      }
    },
    "llvm-submodule-src": {
      "flake": false,
      "locked": {
        "lastModified": 1695860097,
        "narHash": "sha256-V+7aPWrKA1H32cbz8gpf/P3lJokAyHR0IGeb/L2MCMM=",
        "owner": "llvm",
        "repo": "llvm-project",
        "rev": "a5e10e248efc72e7909e4067060e89c35a456a18",
        "type": "github"
      },
      "original": {
        "owner": "llvm",
        "repo": "llvm-project",
        "rev": "a5e10e248efc72e7909e4067060e89c35a456a18",
        "type": "github"
      }
    },
    "nixpkgs": {
      "locked": {
        "lastModified": 1695656599,
        "narHash": "sha256-MHarKJiRrkEIac6P0wZJP1IdAInjoab05tZM2W3RBMc=",
        "owner": "dtzWill",
        "repo": "nixpkgs",
        "rev": "e510e02d095121a65f011cf817f02486e632b7b6",
        "type": "github"
      },
      "original": {
        "owner": "dtzWill",
        "ref": "mlir-git",
        "repo": "nixpkgs",
        "type": "github"
      }
    },
    "root": {
      "inputs": {
        "circt-slang-src": "circt-slang-src",
        "circt-src": "circt-src",
        "flake-compat": "flake-compat",
        "flake-utils": "flake-utils",
        "llvm-submodule-src": "llvm-submodule-src",
        "nixpkgs": "nixpkgs",
        "slang-src": "slang-src"
      }
    },
    "slang-src": {
      "flake": false,
      "locked": {
        "lastModified": 1696069893,
        "narHash": "sha256-OhkfCN5TDh4ARDzMdnEmCrfHSSj3SPvwHKou0s2fAcg=",
        "owner": "MikePopoloski",
        "repo": "slang",
        "rev": "ad4ef21194f8d2f84a238e3d52ca360de3d30485",
        "type": "github"
      },
      "original": {
        "owner": "MikePopoloski",
        "repo": "slang",
        "type": "github"
      }
    },
    "systems": {
      "locked": {
        "lastModified": 1681028828,
        "narHash": "sha256-Vy1rq5AaRuLzOxct8nz4T6wlgyUR7zLU309k9mBC768=",
        "owner": "nix-systems",
        "repo": "default",
        "rev": "da67096a3b9bf56a91d16901293e51ba5b49a27e",
        "type": "github"
      },
      "original": {
        "owner": "nix-systems",
        "repo": "default",
        "type": "github"
      }
    }
  },
  "root": "root",
  "version": 7
}
