{
  "nodes": {
    "circt-const-src": {
      "flake": false,
      "locked": {
        "lastModified": 1674853856,
        "narHash": "sha256-jAAKLxVrXkIV2vrbH5R/thDLWT6/qSBJWkM9QyIVvyg=",
        "owner": "llvm",
        "repo": "circt",
        "rev": "3f3494ec4b2b49b112e636a05ca6d90dcc4df488",
        "type": "github"
      },
      "original": {
        "owner": "llvm",
        "ref": "dev/trilorez/firrtl-const",
        "repo": "circt",
        "type": "github"
      }
    },
    "circt-slang-src": {
      "flake": false,
      "locked": {
        "lastModified": 1668720954,
        "narHash": "sha256-QrXGTa29DKY+K5TXV4FDk9pOvBDhgt3sgBhu7weF8xg=",
        "owner": "fabianschuiki",
        "repo": "circt",
        "rev": "faded842278745bf176ce4b4c3a584ee35495f33",
        "type": "github"
      },
      "original": {
        "owner": "fabianschuiki",
        "ref": "slang-frontend",
        "repo": "circt",
        "type": "github"
      }
    },
    "circt-src": {
      "flake": false,
      "locked": {
        "lastModified": 1674856661,
        "narHash": "sha256-ByDixKOXjzXFWCuv+rvCgEXkWSQIlvwwipis2s0rKBY=",
        "owner": "llvm",
        "repo": "circt",
        "rev": "c210f1a2d5a941a0a024dcac6c9f4f1b9c085219",
        "type": "github"
      },
      "original": {
        "owner": "llvm",
        "repo": "circt",
        "type": "github"
      }
    },
    "flake-compat": {
      "flake": false,
      "locked": {
        "lastModified": 1673956053,
        "narHash": "sha256-4gtG9iQuiKITOjNQQeQIpoIB6b16fm+504Ch3sNKLd8=",
        "owner": "edolstra",
        "repo": "flake-compat",
        "rev": "35bb57c0c8d8b62bbfd284272c928ceb64ddbde9",
        "type": "github"
      },
      "original": {
        "owner": "edolstra",
        "repo": "flake-compat",
        "type": "github"
      }
    },
    "flake-utils": {
      "locked": {
        "lastModified": 1667395993,
        "narHash": "sha256-nuEHfE/LcWyuSWnS8t12N1wc105Qtau+/OdUAjtQ0rA=",
        "owner": "numtide",
        "repo": "flake-utils",
        "rev": "5aed5285a952e0b949eb3ba02c12fa4fcfef535f",
        "type": "github"
      },
      "original": {
        "owner": "numtide",
        "repo": "flake-utils",
        "type": "github"
      }
    },
    "llvm-submodule-src": {
      "flake": false,
      "locked": {
        "lastModified": 1674759781,
        "narHash": "sha256-KatabKw7GBa+3NWWdNyfA6WLyjIrcU45AyJLHjQtVhs=",
        "owner": "llvm",
        "repo": "llvm-project",
        "rev": "db202286eb7b3f6725c82ded4f5c8b31ea648521",
        "type": "github"
      },
      "original": {
        "owner": "llvm",
        "repo": "llvm-project",
        "rev": "db202286eb7b3f6725c82ded4f5c8b31ea648521",
        "type": "github"
      }
    },
    "nixpkgs": {
      "locked": {
        "lastModified": 1674493241,
        "narHash": "sha256-0MopYE9jiNhjVAGYBTKA8Jf7LrlM55MzfzO7CnpDLpQ=",
        "owner": "dtzWill",
        "repo": "nixpkgs",
        "rev": "faae9f34375f8c2c920472ff755cff0f855c5a1c",
        "type": "github"
      },
      "original": {
        "owner": "dtzWill",
        "ref": "mlir-git",
        "repo": "nixpkgs",
        "type": "github"
      }
    },
    "root": {
      "inputs": {
        "circt-const-src": "circt-const-src",
        "circt-slang-src": "circt-slang-src",
        "circt-src": "circt-src",
        "flake-compat": "flake-compat",
        "flake-utils": "flake-utils",
        "llvm-submodule-src": "llvm-submodule-src",
        "nixpkgs": "nixpkgs",
        "slang-src": "slang-src"
      }
    },
    "slang-src": {
      "flake": false,
      "locked": {
        "lastModified": 1674821899,
        "narHash": "sha256-FMJLgtgb9KTe7zZ2S/MSzGX8HbnNJ4Hs/MtD26rCYQY=",
        "owner": "MikePopoloski",
        "repo": "slang",
        "rev": "a695ad2522e874e0593737402f24e8cc08278d16",
        "type": "github"
      },
      "original": {
        "owner": "MikePopoloski",
        "repo": "slang",
        "type": "github"
      }
    }
  },
  "root": "root",
  "version": 7
}
